
Microsoft Visual Studio Solution File, Format Version 12.00
# Visual Studio Version 17
VisualStudioVersion = 17.4.33205.214
MinimumVisualStudioVersion = 10.0.40219.1
Project("{9A19103F-16F7-4668-BE54-9A1E7A4F7556}") = "Web tech", "Web tech\Web tech.csproj", "{2B0890A5-0A88-4A34-997C-6910B3C682E9}"
EndProject
Project("{00D1A9C2-B5F0-4AF3-8072-F6C62B433612}") = "Mydb", "Mydb\Mydb.sqlproj", "{489B6076-220F-48D1-8177-906B992B3B84}"
EndProject
Global
	GlobalSection(SolutionConfigurationPlatforms) = preSolution
		Debug|Any CPU = Debug|Any CPU
		Release|Any CPU = Release|Any CPU
	EndGlobalSection
	GlobalSection(ProjectConfigurationPlatforms) = postSolution
		{2B0890A5-0A88-4A34-997C-6910B3C682E9}.Debug|Any CPU.ActiveCfg = Debug|Any CPU
		{2B0890A5-0A88-4A34-997C-6910B3C682E9}.Debug|Any CPU.Build.0 = Debug|Any CPU
		{2B0890A5-0A88-4A34-997C-6910B3C682E9}.Release|Any CPU.ActiveCfg = Release|Any CPU
		{2B0890A5-0A88-4A34-997C-6910B3C682E9}.Release|Any CPU.Build.0 = Release|Any CPU
		{489B6076-220F-48D1-8177-906B992B3B84}.Debug|Any CPU.ActiveCfg = Debug|Any CPU
		{489B6076-220F-48D1-8177-906B992B3B84}.Debug|Any CPU.Build.0 = Debug|Any CPU
		{489B6076-220F-48D1-8177-906B992B3B84}.Debug|Any CPU.Deploy.0 = Debug|Any CPU
		{489B6076-220F-48D1-8177-906B992B3B84}.Release|Any CPU.ActiveCfg = Release|Any CPU
		{489B6076-220F-48D1-8177-906B992B3B84}.Release|Any CPU.Build.0 = Release|Any CPU
		{489B6076-220F-48D1-8177-906B992B3B84}.Release|Any CPU.Deploy.0 = Release|Any CPU
	EndGlobalSection
	GlobalSection(SolutionProperties) = preSolution
		HideSolutionNode = FALSE
	EndGlobalSection
	GlobalSection(ExtensibilityGlobals) = postSolution
		SolutionGuid = {41D224EA-7ABE-4E5D-BFD7-EE69BAEB014A}
	EndGlobalSection
EndGlobal
